
Microsoft Visual Studio Solution File, Format Version 12.00
# Visual Studio Version 17
VisualStudioVersion = 17.14.36518.9
MinimumVisualStudioVersion = 10.0.40219.1
Project("{FAE04EC0-301F-11D3-BF4B-00C04F79EFBC}") = "CoreProject", "CoreProject\CoreProject.csproj", "{1F8399DF-84D4-4B03-9B6E-92FFAB59DA5B}"
EndProject
Project("{FAE04EC0-301F-11D3-BF4B-00C04F79EFBC}") = "MvcCoreProject", "MvcCoreProject\MvcCoreProject.csproj", "{DF603743-EB20-48CE-8EE5-CEDACFE55267}"
EndProject
Global
	GlobalSection(SolutionConfigurationPlatforms) = preSolution
		Debug|Any CPU = Debug|Any CPU
		Release|Any CPU = Release|Any CPU
	EndGlobalSection
	GlobalSection(ProjectConfigurationPlatforms) = postSolution
		{1F8399DF-84D4-4B03-9B6E-92FFAB59DA5B}.Debug|Any CPU.ActiveCfg = Debug|Any CPU
		{1F8399DF-84D4-4B03-9B6E-92FFAB59DA5B}.Debug|Any CPU.Build.0 = Debug|Any CPU
		{1F8399DF-84D4-4B03-9B6E-92FFAB59DA5B}.Release|Any CPU.ActiveCfg = Release|Any CPU
		{1F8399DF-84D4-4B03-9B6E-92FFAB59DA5B}.Release|Any CPU.Build.0 = Release|Any CPU
		{DF603743-EB20-48CE-8EE5-CEDACFE55267}.Debug|Any CPU.ActiveCfg = Debug|Any CPU
		{DF603743-EB20-48CE-8EE5-CEDACFE55267}.Debug|Any CPU.Build.0 = Debug|Any CPU
		{DF603743-EB20-48CE-8EE5-CEDACFE55267}.Release|Any CPU.ActiveCfg = Release|Any CPU
		{DF603743-EB20-48CE-8EE5-CEDACFE55267}.Release|Any CPU.Build.0 = Release|Any CPU
	EndGlobalSection
	GlobalSection(SolutionProperties) = preSolution
		HideSolutionNode = FALSE
	EndGlobalSection
	GlobalSection(ExtensibilityGlobals) = postSolution
		SolutionGuid = {B2EC1AF2-F0EA-447F-BB83-282391743E3D}
	EndGlobalSection
EndGlobal
